
Microsoft Visual Studio Solution File, Format Version 12.00
# Visual Studio Version 17
VisualStudioVersion = 17.10.35013.160
MinimumVisualStudioVersion = 10.0.40219.1
Project("{FAE04EC0-301F-11D3-BF4B-00C04F79EFBC}") = "CinemaHelper.Integration", "CinemaHelper\CinemaHelper.Integration.csproj", "{59DFD24D-C61C-458C-A947-2F4179579849}"
EndProject
Project("{FAE04EC0-301F-11D3-BF4B-00C04F79EFBC}") = "CinemaHelper.Core", "CinemaHelper.Core\CinemaHelper.Core.csproj", "{7CE7B774-7F0E-4ED0-B940-C8842288471F}"
EndProject
Global
	GlobalSection(SolutionConfigurationPlatforms) = preSolution
		Debug|Any CPU = Debug|Any CPU
		Release|Any CPU = Release|Any CPU
	EndGlobalSection
	GlobalSection(ProjectConfigurationPlatforms) = postSolution
		{59DFD24D-C61C-458C-A947-2F4179579849}.Debug|Any CPU.ActiveCfg = Debug|Any CPU
		{59DFD24D-C61C-458C-A947-2F4179579849}.Debug|Any CPU.Build.0 = Debug|Any CPU
		{59DFD24D-C61C-458C-A947-2F4179579849}.Release|Any CPU.ActiveCfg = Release|Any CPU
		{59DFD24D-C61C-458C-A947-2F4179579849}.Release|Any CPU.Build.0 = Release|Any CPU
		{7CE7B774-7F0E-4ED0-B940-C8842288471F}.Debug|Any CPU.ActiveCfg = Debug|Any CPU
		{7CE7B774-7F0E-4ED0-B940-C8842288471F}.Debug|Any CPU.Build.0 = Debug|Any CPU
		{7CE7B774-7F0E-4ED0-B940-C8842288471F}.Release|Any CPU.ActiveCfg = Release|Any CPU
		{7CE7B774-7F0E-4ED0-B940-C8842288471F}.Release|Any CPU.Build.0 = Release|Any CPU
	EndGlobalSection
	GlobalSection(SolutionProperties) = preSolution
		HideSolutionNode = FALSE
	EndGlobalSection
	GlobalSection(ExtensibilityGlobals) = postSolution
		SolutionGuid = {C2452AFA-1F0A-470D-AD8E-5B1F5F0EB5E5}
	EndGlobalSection
EndGlobal
